// !$*UTF8*$!
{
	archiveVersion = 1;
	classes = {
	};
	objectVersion = 46;
	objects = {

/* Begin PBXBuildFile section */
		A051E37E1DBA5DA4004293E9 /* AppDelegate.swift in Sources */ = {isa = PBXBuildFile; fileRef = A051E37D1DBA5DA4004293E9 /* AppDelegate.swift */; };
		A051E3801DBA5DA4004293E9 /* ViewController.swift in Sources */ = {isa = PBXBuildFile; fileRef = A051E37F1DBA5DA4004293E9 /* ViewController.swift */; };
		A051E3831DBA5DA4004293E9 /* Main.storyboard in Resources */ = {isa = PBXBuildFile; fileRef = A051E3811DBA5DA4004293E9 /* Main.storyboard */; };
		A051E3851DBA5DA4004293E9 /* Assets.xcassets in Resources */ = {isa = PBXBuildFile; fileRef = A051E3841DBA5DA4004293E9 /* Assets.xcassets */; };
		A051E3881DBA5DA4004293E9 /* LaunchScreen.storyboard in Resources */ = {isa = PBXBuildFile; fileRef = A051E3861DBA5DA4004293E9 /* LaunchScreen.storyboard */; };
		A0A71E7C1CBC7D74002C5C88 /* SwCrypt.h in Headers */ = {isa = PBXBuildFile; fileRef = A0A71E7B1CBC7D74002C5C88 /* SwCrypt.h */; settings = {ATTRIBUTES = (Public, ); }; };
		A0A71E831CBC7D74002C5C88 /* SwCrypt.framework in Frameworks */ = {isa = PBXBuildFile; fileRef = A0A71E781CBC7D74002C5C88 /* SwCrypt.framework */; };
		A0A71E881CBC7D74002C5C88 /* SwCryptTests.swift in Sources */ = {isa = PBXBuildFile; fileRef = A0A71E871CBC7D74002C5C88 /* SwCryptTests.swift */; };
		A0A71E931CBC7DB4002C5C88 /* SwCrypt.swift in Sources */ = {isa = PBXBuildFile; fileRef = A0A71E921CBC7DB4002C5C88 /* SwCrypt.swift */; };
/* End PBXBuildFile section */

/* Begin PBXContainerItemProxy section */
		A051E38D1DBA5DAA004293E9 /* PBXContainerItemProxy */ = {
			isa = PBXContainerItemProxy;
			containerPortal = A0A71E6F1CBC7D74002C5C88 /* Project object */;
			proxyType = 1;
			remoteGlobalIDString = A051E37A1DBA5DA3004293E9;
			remoteInfo = dummyTestApp;
		};
		A0A71E841CBC7D74002C5C88 /* PBXContainerItemProxy */ = {
			isa = PBXContainerItemProxy;
			containerPortal = A0A71E6F1CBC7D74002C5C88 /* Project object */;
			proxyType = 1;
			remoteGlobalIDString = A0A71E771CBC7D74002C5C88;
			remoteInfo = SwCrypt;
		};
/* End PBXContainerItemProxy section */

/* Begin PBXFileReference section */
		A042DCB91CC0800F00271902 /* README.md */ = {isa = PBXFileReference; fileEncoding = 4; lastKnownFileType = net.daringfireball.markdown; path = README.md; sourceTree = "<group>"; };
		A051E37B1DBA5DA3004293E9 /* dummyTestApp.app */ = {isa = PBXFileReference; explicitFileType = wrapper.application; includeInIndex = 0; path = dummyTestApp.app; sourceTree = BUILT_PRODUCTS_DIR; };
		A051E37D1DBA5DA4004293E9 /* AppDelegate.swift */ = {isa = PBXFileReference; lastKnownFileType = sourcecode.swift; path = AppDelegate.swift; sourceTree = "<group>"; };
		A051E37F1DBA5DA4004293E9 /* ViewController.swift */ = {isa = PBXFileReference; lastKnownFileType = sourcecode.swift; path = ViewController.swift; sourceTree = "<group>"; };
		A051E3821DBA5DA4004293E9 /* Base */ = {isa = PBXFileReference; lastKnownFileType = file.storyboard; name = Base; path = Base.lproj/Main.storyboard; sourceTree = "<group>"; };
		A051E3841DBA5DA4004293E9 /* Assets.xcassets */ = {isa = PBXFileReference; lastKnownFileType = folder.assetcatalog; path = Assets.xcassets; sourceTree = "<group>"; };
		A051E3871DBA5DA4004293E9 /* Base */ = {isa = PBXFileReference; lastKnownFileType = file.storyboard; name = Base; path = Base.lproj/LaunchScreen.storyboard; sourceTree = "<group>"; };
		A051E3891DBA5DA4004293E9 /* Info.plist */ = {isa = PBXFileReference; lastKnownFileType = text.plist.xml; path = Info.plist; sourceTree = "<group>"; };
		A051E38F1DBA5DDB004293E9 /* dummyTestApp.entitlements */ = {isa = PBXFileReference; lastKnownFileType = text.plist.entitlements; path = dummyTestApp.entitlements; sourceTree = "<group>"; };
		A0A71E781CBC7D74002C5C88 /* SwCrypt.framework */ = {isa = PBXFileReference; explicitFileType = wrapper.framework; includeInIndex = 0; path = SwCrypt.framework; sourceTree = BUILT_PRODUCTS_DIR; };
		A0A71E7B1CBC7D74002C5C88 /* SwCrypt.h */ = {isa = PBXFileReference; lastKnownFileType = sourcecode.c.h; path = SwCrypt.h; sourceTree = "<group>"; };
		A0A71E7D1CBC7D74002C5C88 /* Info.plist */ = {isa = PBXFileReference; lastKnownFileType = text.plist.xml; path = Info.plist; sourceTree = "<group>"; };
		A0A71E821CBC7D74002C5C88 /* SwCryptTests.xctest */ = {isa = PBXFileReference; explicitFileType = wrapper.cfbundle; includeInIndex = 0; path = SwCryptTests.xctest; sourceTree = BUILT_PRODUCTS_DIR; };
		A0A71E871CBC7D74002C5C88 /* SwCryptTests.swift */ = {isa = PBXFileReference; lastKnownFileType = sourcecode.swift; path = SwCryptTests.swift; sourceTree = "<group>"; };
		A0A71E891CBC7D74002C5C88 /* Info.plist */ = {isa = PBXFileReference; lastKnownFileType = text.plist.xml; path = Info.plist; sourceTree = "<group>"; };
		A0A71E921CBC7DB4002C5C88 /* SwCrypt.swift */ = {isa = PBXFileReference; fileEncoding = 4; lastKnownFileType = sourcecode.swift; path = SwCrypt.swift; sourceTree = "<group>"; };
/* End PBXFileReference section */

/* Begin PBXFrameworksBuildPhase section */
		A051E3781DBA5DA3004293E9 /* Frameworks */ = {
			isa = PBXFrameworksBuildPhase;
			buildActionMask = 2147483647;
			files = (
			);
			runOnlyForDeploymentPostprocessing = 0;
		};
		A0A71E741CBC7D74002C5C88 /* Frameworks */ = {
			isa = PBXFrameworksBuildPhase;
			buildActionMask = 2147483647;
			files = (
			);
			runOnlyForDeploymentPostprocessing = 0;
		};
		A0A71E7F1CBC7D74002C5C88 /* Frameworks */ = {
			isa = PBXFrameworksBuildPhase;
			buildActionMask = 2147483647;
			files = (
				A0A71E831CBC7D74002C5C88 /* SwCrypt.framework in Frameworks */,
			);
			runOnlyForDeploymentPostprocessing = 0;
		};
/* End PBXFrameworksBuildPhase section */

/* Begin PBXGroup section */
		A051E37C1DBA5DA4004293E9 /* dummyTestApp */ = {
			isa = PBXGroup;
			children = (
				A051E38F1DBA5DDB004293E9 /* dummyTestApp.entitlements */,
				A051E37D1DBA5DA4004293E9 /* AppDelegate.swift */,
				A051E37F1DBA5DA4004293E9 /* ViewController.swift */,
				A051E3811DBA5DA4004293E9 /* Main.storyboard */,
				A051E3841DBA5DA4004293E9 /* Assets.xcassets */,
				A051E3861DBA5DA4004293E9 /* LaunchScreen.storyboard */,
				A051E3891DBA5DA4004293E9 /* Info.plist */,
			);
			path = dummyTestApp;
			sourceTree = "<group>";
		};
		A0A71E6E1CBC7D74002C5C88 = {
			isa = PBXGroup;
			children = (
				A042DCB91CC0800F00271902 /* README.md */,
				A0A71E7A1CBC7D74002C5C88 /* SwCrypt */,
				A0A71E861CBC7D74002C5C88 /* SwCryptTests */,
				A051E37C1DBA5DA4004293E9 /* dummyTestApp */,
				A0A71E791CBC7D74002C5C88 /* Products */,
			);
			sourceTree = "<group>";
		};
		A0A71E791CBC7D74002C5C88 /* Products */ = {
			isa = PBXGroup;
			children = (
				A0A71E781CBC7D74002C5C88 /* SwCrypt.framework */,
				A0A71E821CBC7D74002C5C88 /* SwCryptTests.xctest */,
				A051E37B1DBA5DA3004293E9 /* dummyTestApp.app */,
			);
			name = Products;
			sourceTree = "<group>";
		};
		A0A71E7A1CBC7D74002C5C88 /* SwCrypt */ = {
			isa = PBXGroup;
			children = (
				A0A71E921CBC7DB4002C5C88 /* SwCrypt.swift */,
				A0A71E7B1CBC7D74002C5C88 /* SwCrypt.h */,
				A0A71E7D1CBC7D74002C5C88 /* Info.plist */,
			);
			path = SwCrypt;
			sourceTree = "<group>";
		};
		A0A71E861CBC7D74002C5C88 /* SwCryptTests */ = {
			isa = PBXGroup;
			children = (
				A0A71E871CBC7D74002C5C88 /* SwCryptTests.swift */,
				A0A71E891CBC7D74002C5C88 /* Info.plist */,
			);
			path = SwCryptTests;
			sourceTree = "<group>";
		};
/* End PBXGroup section */

/* Begin PBXHeadersBuildPhase section */
		A0A71E751CBC7D74002C5C88 /* Headers */ = {
			isa = PBXHeadersBuildPhase;
			buildActionMask = 2147483647;
			files = (
				A0A71E7C1CBC7D74002C5C88 /* SwCrypt.h in Headers */,
			);
			runOnlyForDeploymentPostprocessing = 0;
		};
/* End PBXHeadersBuildPhase section */

/* Begin PBXNativeTarget section */
		A051E37A1DBA5DA3004293E9 /* dummyTestApp */ = {
			isa = PBXNativeTarget;
			buildConfigurationList = A051E38C1DBA5DA4004293E9 /* Build configuration list for PBXNativeTarget "dummyTestApp" */;
			buildPhases = (
				A051E3771DBA5DA3004293E9 /* Sources */,
				A051E3781DBA5DA3004293E9 /* Frameworks */,
				A051E3791DBA5DA3004293E9 /* Resources */,
			);
			buildRules = (
			);
			dependencies = (
			);
			name = dummyTestApp;
			productName = dummyTestApp;
			productReference = A051E37B1DBA5DA3004293E9 /* dummyTestApp.app */;
			productType = "com.apple.product-type.application";
		};
		A0A71E771CBC7D74002C5C88 /* SwCrypt */ = {
			isa = PBXNativeTarget;
			buildConfigurationList = A0A71E8C1CBC7D74002C5C88 /* Build configuration list for PBXNativeTarget "SwCrypt" */;
			buildPhases = (
				A0A71E731CBC7D74002C5C88 /* Sources */,
				A0A71E741CBC7D74002C5C88 /* Frameworks */,
				A0A71E751CBC7D74002C5C88 /* Headers */,
				A0A71E761CBC7D74002C5C88 /* Resources */,
			);
			buildRules = (
			);
			dependencies = (
			);
			name = SwCrypt;
			productName = SwCrypt;
			productReference = A0A71E781CBC7D74002C5C88 /* SwCrypt.framework */;
			productType = "com.apple.product-type.framework";
		};
		A0A71E811CBC7D74002C5C88 /* SwCryptTests */ = {
			isa = PBXNativeTarget;
			buildConfigurationList = A0A71E8F1CBC7D74002C5C88 /* Build configuration list for PBXNativeTarget "SwCryptTests" */;
			buildPhases = (
				A0A71E7E1CBC7D74002C5C88 /* Sources */,
				A0A71E7F1CBC7D74002C5C88 /* Frameworks */,
				A0A71E801CBC7D74002C5C88 /* Resources */,
			);
			buildRules = (
			);
			dependencies = (
				A0A71E851CBC7D74002C5C88 /* PBXTargetDependency */,
				A051E38E1DBA5DAA004293E9 /* PBXTargetDependency */,
			);
			name = SwCryptTests;
			productName = SwCryptTests;
			productReference = A0A71E821CBC7D74002C5C88 /* SwCryptTests.xctest */;
			productType = "com.apple.product-type.bundle.unit-test";
		};
/* End PBXNativeTarget section */

/* Begin PBXProject section */
		A0A71E6F1CBC7D74002C5C88 /* Project object */ = {
			isa = PBXProject;
			attributes = {
				LastSwiftUpdateCheck = 0800;
				LastUpgradeCheck = 0730;
				ORGANIZATIONNAME = irl;
				TargetAttributes = {
					A051E37A1DBA5DA3004293E9 = {
						CreatedOnToolsVersion = 8.0;
						ProvisioningStyle = Manual;
						SystemCapabilities = {
							com.apple.Keychain = {
								enabled = 1;
							};
						};
					};
					A0A71E771CBC7D74002C5C88 = {
						CreatedOnToolsVersion = 7.3;
						LastSwiftMigration = 0800;
					};
					A0A71E811CBC7D74002C5C88 = {
						CreatedOnToolsVersion = 7.3;
						LastSwiftMigration = 0800;
						TestTargetID = A051E37A1DBA5DA3004293E9;
					};
				};
			};
			buildConfigurationList = A0A71E721CBC7D74002C5C88 /* Build configuration list for PBXProject "SwCrypt" */;
			compatibilityVersion = "Xcode 3.2";
			developmentRegion = English;
			hasScannedForEncodings = 0;
			knownRegions = (
				en,
				Base,
			);
			mainGroup = A0A71E6E1CBC7D74002C5C88;
			productRefGroup = A0A71E791CBC7D74002C5C88 /* Products */;
			projectDirPath = "";
			projectRoot = "";
			targets = (
				A0A71E771CBC7D74002C5C88 /* SwCrypt */,
				A0A71E811CBC7D74002C5C88 /* SwCryptTests */,
				A051E37A1DBA5DA3004293E9 /* dummyTestApp */,
			);
		};
/* End PBXProject section */

/* Begin PBXResourcesBuildPhase section */
		A051E3791DBA5DA3004293E9 /* Resources */ = {
			isa = PBXResourcesBuildPhase;
			buildActionMask = 2147483647;
			files = (
				A051E3881DBA5DA4004293E9 /* LaunchScreen.storyboard in Resources */,
				A051E3851DBA5DA4004293E9 /* Assets.xcassets in Resources */,
				A051E3831DBA5DA4004293E9 /* Main.storyboard in Resources */,
			);
			runOnlyForDeploymentPostprocessing = 0;
		};
		A0A71E761CBC7D74002C5C88 /* Resources */ = {
			isa = PBXResourcesBuildPhase;
			buildActionMask = 2147483647;
			files = (
			);
			runOnlyForDeploymentPostprocessing = 0;
		};
		A0A71E801CBC7D74002C5C88 /* Resources */ = {
			isa = PBXResourcesBuildPhase;
			buildActionMask = 2147483647;
			files = (
			);
			runOnlyForDeploymentPostprocessing = 0;
		};
/* End PBXResourcesBuildPhase section */

/* Begin PBXSourcesBuildPhase section */
		A051E3771DBA5DA3004293E9 /* Sources */ = {
			isa = PBXSourcesBuildPhase;
			buildActionMask = 2147483647;
			files = (
				A051E3801DBA5DA4004293E9 /* ViewController.swift in Sources */,
				A051E37E1DBA5DA4004293E9 /* AppDelegate.swift in Sources */,
			);
			runOnlyForDeploymentPostprocessing = 0;
		};
		A0A71E731CBC7D74002C5C88 /* Sources */ = {
			isa = PBXSourcesBuildPhase;
			buildActionMask = 2147483647;
			files = (
				A0A71E931CBC7DB4002C5C88 /* SwCrypt.swift in Sources */,
			);
			runOnlyForDeploymentPostprocessing = 0;
		};
		A0A71E7E1CBC7D74002C5C88 /* Sources */ = {
			isa = PBXSourcesBuildPhase;
			buildActionMask = 2147483647;
			files = (
				A0A71E881CBC7D74002C5C88 /* SwCryptTests.swift in Sources */,
			);
			runOnlyForDeploymentPostprocessing = 0;
		};
/* End PBXSourcesBuildPhase section */

/* Begin PBXTargetDependency section */
		A051E38E1DBA5DAA004293E9 /* PBXTargetDependency */ = {
			isa = PBXTargetDependency;
			target = A051E37A1DBA5DA3004293E9 /* dummyTestApp */;
			targetProxy = A051E38D1DBA5DAA004293E9 /* PBXContainerItemProxy */;
		};
		A0A71E851CBC7D74002C5C88 /* PBXTargetDependency */ = {
			isa = PBXTargetDependency;
			target = A0A71E771CBC7D74002C5C88 /* SwCrypt */;
			targetProxy = A0A71E841CBC7D74002C5C88 /* PBXContainerItemProxy */;
		};
/* End PBXTargetDependency section */

/* Begin PBXVariantGroup section */
		A051E3811DBA5DA4004293E9 /* Main.storyboard */ = {
			isa = PBXVariantGroup;
			children = (
				A051E3821DBA5DA4004293E9 /* Base */,
			);
			name = Main.storyboard;
			sourceTree = "<group>";
		};
		A051E3861DBA5DA4004293E9 /* LaunchScreen.storyboard */ = {
			isa = PBXVariantGroup;
			children = (
				A051E3871DBA5DA4004293E9 /* Base */,
			);
			name = LaunchScreen.storyboard;
			sourceTree = "<group>";
		};
/* End PBXVariantGroup section */

/* Begin XCBuildConfiguration section */
		A051E38A1DBA5DA4004293E9 /* Debug */ = {
			isa = XCBuildConfiguration;
			buildSettings = {
				ASSETCATALOG_COMPILER_APPICON_NAME = AppIcon;
				CLANG_WARN_DOCUMENTATION_COMMENTS = YES;
				CLANG_WARN_INFINITE_RECURSION = YES;
				CLANG_WARN_SUSPICIOUS_MOVES = YES;
				CODE_SIGN_ENTITLEMENTS = dummyTestApp/dummyTestApp.entitlements;
				DEVELOPMENT_TEAM = "";
				INFOPLIST_FILE = dummyTestApp/Info.plist;
				IPHONEOS_DEPLOYMENT_TARGET = 10.0;
				LD_RUNPATH_SEARCH_PATHS = "$(inherited) @executable_path/Frameworks";
				PRODUCT_BUNDLE_IDENTIFIER = hu.irl.dummyTestApp;
				PRODUCT_NAME = "$(TARGET_NAME)";
				SWIFT_ACTIVE_COMPILATION_CONDITIONS = DEBUG;
				SWIFT_VERSION = 3.0;
			};
			name = Debug;
		};
		A051E38B1DBA5DA4004293E9 /* Release */ = {
			isa = XCBuildConfiguration;
			buildSettings = {
				ASSETCATALOG_COMPILER_APPICON_NAME = AppIcon;
				CLANG_WARN_DOCUMENTATION_COMMENTS = YES;
				CLANG_WARN_INFINITE_RECURSION = YES;
				CLANG_WARN_SUSPICIOUS_MOVES = YES;
				CODE_SIGN_ENTITLEMENTS = dummyTestApp/dummyTestApp.entitlements;
				DEVELOPMENT_TEAM = "";
				INFOPLIST_FILE = dummyTestApp/Info.plist;
				IPHONEOS_DEPLOYMENT_TARGET = 10.0;
				LD_RUNPATH_SEARCH_PATHS = "$(inherited) @executable_path/Frameworks";
				PRODUCT_BUNDLE_IDENTIFIER = hu.irl.dummyTestApp;
				PRODUCT_NAME = "$(TARGET_NAME)";
				SWIFT_OPTIMIZATION_LEVEL = "-Owholemodule";
				SWIFT_VERSION = 3.0;
			};
			name = Release;
		};
		A0A71E8A1CBC7D74002C5C88 /* Debug */ = {
			isa = XCBuildConfiguration;
			buildSettings = {
				ALWAYS_SEARCH_USER_PATHS = NO;
				CLANG_ANALYZER_NONNULL = YES;
				CLANG_CXX_LANGUAGE_STANDARD = "gnu++0x";
				CLANG_CXX_LIBRARY = "libc++";
				CLANG_ENABLE_MODULES = YES;
				CLANG_ENABLE_OBJC_ARC = YES;
				CLANG_WARN_BOOL_CONVERSION = YES;
				CLANG_WARN_CONSTANT_CONVERSION = YES;
				CLANG_WARN_DIRECT_OBJC_ISA_USAGE = YES_ERROR;
				CLANG_WARN_EMPTY_BODY = YES;
				CLANG_WARN_ENUM_CONVERSION = YES;
				CLANG_WARN_INT_CONVERSION = YES;
				CLANG_WARN_OBJC_ROOT_CLASS = YES_ERROR;
				CLANG_WARN_UNREACHABLE_CODE = YES;
				CLANG_WARN__DUPLICATE_METHOD_MATCH = YES;
				"CODE_SIGN_IDENTITY[sdk=iphoneos*]" = "iPhone Developer";
				COPY_PHASE_STRIP = NO;
				CURRENT_PROJECT_VERSION = 1;
				DEBUG_INFORMATION_FORMAT = dwarf;
				ENABLE_STRICT_OBJC_MSGSEND = YES;
				ENABLE_TESTABILITY = YES;
				GCC_C_LANGUAGE_STANDARD = gnu99;
				GCC_DYNAMIC_NO_PIC = NO;
				GCC_NO_COMMON_BLOCKS = YES;
				GCC_OPTIMIZATION_LEVEL = 0;
				GCC_PREPROCESSOR_DEFINITIONS = (
					"DEBUG=1",
					"$(inherited)",
				);
				GCC_WARN_64_TO_32_BIT_CONVERSION = YES;
				GCC_WARN_ABOUT_RETURN_TYPE = YES_ERROR;
				GCC_WARN_UNDECLARED_SELECTOR = YES;
				GCC_WARN_UNINITIALIZED_AUTOS = YES_AGGRESSIVE;
				GCC_WARN_UNUSED_FUNCTION = YES;
				GCC_WARN_UNUSED_VARIABLE = YES;
				IPHONEOS_DEPLOYMENT_TARGET = 9.3;
				MTL_ENABLE_DEBUG_INFO = YES;
				ONLY_ACTIVE_ARCH = YES;
				SDKROOT = iphoneos;
				SWIFT_OPTIMIZATION_LEVEL = "-Onone";
				TARGETED_DEVICE_FAMILY = "1,2";
				VERSIONING_SYSTEM = "apple-generic";
				VERSION_INFO_PREFIX = "";
			};
			name = Debug;
		};
		A0A71E8B1CBC7D74002C5C88 /* Release */ = {
			isa = XCBuildConfiguration;
			buildSettings = {
				ALWAYS_SEARCH_USER_PATHS = NO;
				CLANG_ANALYZER_NONNULL = YES;
				CLANG_CXX_LANGUAGE_STANDARD = "gnu++0x";
				CLANG_CXX_LIBRARY = "libc++";
				CLANG_ENABLE_MODULES = YES;
				CLANG_ENABLE_OBJC_ARC = YES;
				CLANG_WARN_BOOL_CONVERSION = YES;
				CLANG_WARN_CONSTANT_CONVERSION = YES;
				CLANG_WARN_DIRECT_OBJC_ISA_USAGE = YES_ERROR;
				CLANG_WARN_EMPTY_BODY = YES;
				CLANG_WARN_ENUM_CONVERSION = YES;
				CLANG_WARN_INT_CONVERSION = YES;
				CLANG_WARN_OBJC_ROOT_CLASS = YES_ERROR;
				CLANG_WARN_UNREACHABLE_CODE = YES;
				CLANG_WARN__DUPLICATE_METHOD_MATCH = YES;
				"CODE_SIGN_IDENTITY[sdk=iphoneos*]" = "iPhone Developer";
				COPY_PHASE_STRIP = NO;
				CURRENT_PROJECT_VERSION = 1;
				DEBUG_INFORMATION_FORMAT = "dwarf-with-dsym";
				ENABLE_NS_ASSERTIONS = NO;
				ENABLE_STRICT_OBJC_MSGSEND = YES;
				GCC_C_LANGUAGE_STANDARD = gnu99;
				GCC_NO_COMMON_BLOCKS = YES;
				GCC_WARN_64_TO_32_BIT_CONVERSION = YES;
				GCC_WARN_ABOUT_RETURN_TYPE = YES_ERROR;
				GCC_WARN_UNDECLARED_SELECTOR = YES;
				GCC_WARN_UNINITIALIZED_AUTOS = YES_AGGRESSIVE;
				GCC_WARN_UNUSED_FUNCTION = YES;
				GCC_WARN_UNUSED_VARIABLE = YES;
				IPHONEOS_DEPLOYMENT_TARGET = 9.3;
				MTL_ENABLE_DEBUG_INFO = NO;
				SDKROOT = iphoneos;
				TARGETED_DEVICE_FAMILY = "1,2";
				VALIDATE_PRODUCT = YES;
				VERSIONING_SYSTEM = "apple-generic";
				VERSION_INFO_PREFIX = "";
			};
			name = Release;
		};
		A0A71E8D1CBC7D74002C5C88 /* Debug */ = {
			isa = XCBuildConfiguration;
			buildSettings = {
				CLANG_ENABLE_MODULES = YES;
				DEFINES_MODULE = YES;
				DYLIB_COMPATIBILITY_VERSION = 1;
				DYLIB_CURRENT_VERSION = 1;
				DYLIB_INSTALL_NAME_BASE = "@rpath";
				INFOPLIST_FILE = SwCrypt/Info.plist;
				INSTALL_PATH = "$(LOCAL_LIBRARY_DIR)/Frameworks";
				LD_RUNPATH_SEARCH_PATHS = "$(inherited) @executable_path/Frameworks @loader_path/Frameworks";
				PRODUCT_BUNDLE_IDENTIFIER = hu.irl.SwCrypt;
				PRODUCT_NAME = "$(TARGET_NAME)";
				SKIP_INSTALL = YES;
				SWIFT_OPTIMIZATION_LEVEL = "-Onone";
				SWIFT_VERSION = 3.0;
			};
			name = Debug;
		};
		A0A71E8E1CBC7D74002C5C88 /* Release */ = {
			isa = XCBuildConfiguration;
			buildSettings = {
				CLANG_ENABLE_MODULES = YES;
				DEFINES_MODULE = YES;
				DYLIB_COMPATIBILITY_VERSION = 1;
				DYLIB_CURRENT_VERSION = 1;
				DYLIB_INSTALL_NAME_BASE = "@rpath";
				INFOPLIST_FILE = SwCrypt/Info.plist;
				INSTALL_PATH = "$(LOCAL_LIBRARY_DIR)/Frameworks";
				LD_RUNPATH_SEARCH_PATHS = "$(inherited) @executable_path/Frameworks @loader_path/Frameworks";
				PRODUCT_BUNDLE_IDENTIFIER = hu.irl.SwCrypt;
				PRODUCT_NAME = "$(TARGET_NAME)";
				SKIP_INSTALL = YES;
				SWIFT_VERSION = 3.0;
			};
			name = Release;
		};
		A0A71E901CBC7D74002C5C88 /* Debug */ = {
			isa = XCBuildConfiguration;
			buildSettings = {
				INFOPLIST_FILE = SwCryptTests/Info.plist;
				LD_RUNPATH_SEARCH_PATHS = "$(inherited) @executable_path/Frameworks @loader_path/Frameworks";
				PRODUCT_BUNDLE_IDENTIFIER = hu.irl.SwCryptTests;
				PRODUCT_NAME = "$(TARGET_NAME)";
				SWIFT_VERSION = 3.0;
				TEST_HOST = "$(BUILT_PRODUCTS_DIR)/dummyTestApp.app/dummyTestApp";
			};
			name = Debug;
		};
		A0A71E911CBC7D74002C5C88 /* Release */ = {
			isa = XCBuildConfiguration;
			buildSettings = {
				INFOPLIST_FILE = SwCryptTests/Info.plist;
				LD_RUNPATH_SEARCH_PATHS = "$(inherited) @executable_path/Frameworks @loader_path/Frameworks";
				PRODUCT_BUNDLE_IDENTIFIER = hu.irl.SwCryptTests;
				PRODUCT_NAME = "$(TARGET_NAME)";
				SWIFT_VERSION = 3.0;
				TEST_HOST = "$(BUILT_PRODUCTS_DIR)/dummyTestApp.app/dummyTestApp";
			};
			name = Release;
		};
/* End XCBuildConfiguration section */

/* Begin XCConfigurationList section */
		A051E38C1DBA5DA4004293E9 /* Build configuration list for PBXNativeTarget "dummyTestApp" */ = {
			isa = XCConfigurationList;
			buildConfigurations = (
				A051E38A1DBA5DA4004293E9 /* Debug */,
				A051E38B1DBA5DA4004293E9 /* Release */,
			);
			defaultConfigurationIsVisible = 0;
		};
		A0A71E721CBC7D74002C5C88 /* Build configuration list for PBXProject "SwCrypt" */ = {
			isa = XCConfigurationList;
			buildConfigurations = (
				A0A71E8A1CBC7D74002C5C88 /* Debug */,
				A0A71E8B1CBC7D74002C5C88 /* Release */,
			);
			defaultConfigurationIsVisible = 0;
			defaultConfigurationName = Release;
		};
		A0A71E8C1CBC7D74002C5C88 /* Build configuration list for PBXNativeTarget "SwCrypt" */ = {
			isa = XCConfigurationList;
			buildConfigurations = (
				A0A71E8D1CBC7D74002C5C88 /* Debug */,
				A0A71E8E1CBC7D74002C5C88 /* Release */,
			);
			defaultConfigurationIsVisible = 0;
			defaultConfigurationName = Release;
		};
		A0A71E8F1CBC7D74002C5C88 /* Build configuration list for PBXNativeTarget "SwCryptTests" */ = {
			isa = XCConfigurationList;
			buildConfigurations = (
				A0A71E901CBC7D74002C5C88 /* Debug */,
				A0A71E911CBC7D74002C5C88 /* Release */,
			);
			defaultConfigurationIsVisible = 0;
			defaultConfigurationName = Release;
		};
/* End XCConfigurationList section */
	};
	rootObject = A0A71E6F1CBC7D74002C5C88 /* Project object */;
}
